// !$*UTF8*$!
{
	archiveVersion = 1;
	classes = {
	};
	objectVersion = 46;
	objects = {

/* Begin PBXBuildFile section */
		4E9765901A46017A00F7AF52 /* main.m in Sources */ = {isa = PBXBuildFile; fileRef = 4E97658F1A46017A00F7AF52 /* main.m */; };
		4E9765931A46017A00F7AF52 /* AppDelegate.m in Sources */ = {isa = PBXBuildFile; fileRef = 4E9765921A46017A00F7AF52 /* AppDelegate.m */; };
		4E9765961A46017A00F7AF52 /* ViewController.m in Sources */ = {isa = PBXBuildFile; fileRef = 4E9765951A46017A00F7AF52 /* ViewController.m */; };
		4E9765991A46017A00F7AF52 /* Main.storyboard in Resources */ = {isa = PBXBuildFile; fileRef = 4E9765971A46017A00F7AF52 /* Main.storyboard */; };
		4E97659B1A46017A00F7AF52 /* Images.xcassets in Resources */ = {isa = PBXBuildFile; fileRef = 4E97659A1A46017A00F7AF52 /* Images.xcassets */; };
		4E97659E1A46017A00F7AF52 /* LaunchScreen.xib in Resources */ = {isa = PBXBuildFile; fileRef = 4E97659C1A46017A00F7AF52 /* LaunchScreen.xib */; };
		4E9765AA1A46017A00F7AF52 /* Manash_s_Pirate_GameTests.m in Sources */ = {isa = PBXBuildFile; fileRef = 4E9765A91A46017A00F7AF52 /* Manash_s_Pirate_GameTests.m */; };
		4E9765B61A46234600F7AF52 /* Tile.m in Sources */ = {isa = PBXBuildFile; fileRef = 4E9765B51A46234600F7AF52 /* Tile.m */; };
		4E9765B91A46282C00F7AF52 /* Factory.m in Sources */ = {isa = PBXBuildFile; fileRef = 4E9765B81A46282C00F7AF52 /* Factory.m */; };
		4E9765BC1A47942100F7AF52 /* Weapon.m in Sources */ = {isa = PBXBuildFile; fileRef = 4E9765BB1A47942100F7AF52 /* Weapon.m */; };
		4E9765BF1A47943400F7AF52 /* Armor.m in Sources */ = {isa = PBXBuildFile; fileRef = 4E9765BE1A47943400F7AF52 /* Armor.m */; };
		4E9765C21A47B0FD00F7AF52 /* Character.m in Sources */ = {isa = PBXBuildFile; fileRef = 4E9765C11A47B0FD00F7AF52 /* Character.m */; };
		4E9765C51A49061300F7AF52 /* Boss.m in Sources */ = {isa = PBXBuildFile; fileRef = 4E9765C41A49061300F7AF52 /* Boss.m */; };
/* End PBXBuildFile section */

/* Begin PBXContainerItemProxy section */
		4E9765A41A46017A00F7AF52 /* PBXContainerItemProxy */ = {
			isa = PBXContainerItemProxy;
			containerPortal = 4E9765821A46017900F7AF52 /* Project object */;
			proxyType = 1;
			remoteGlobalIDString = 4E9765891A46017A00F7AF52;
			remoteInfo = "Manash's Pirate Game";
		};
/* End PBXContainerItemProxy section */

/* Begin PBXFileReference section */
		4E97658A1A46017A00F7AF52 /* Manash's Pirate Game.app */ = {isa = PBXFileReference; explicitFileType = wrapper.application; includeInIndex = 0; path = "Manash's Pirate Game.app"; sourceTree = BUILT_PRODUCTS_DIR; };
		4E97658E1A46017A00F7AF52 /* Info.plist */ = {isa = PBXFileReference; lastKnownFileType = text.plist.xml; path = Info.plist; sourceTree = "<group>"; };
		4E97658F1A46017A00F7AF52 /* main.m */ = {isa = PBXFileReference; lastKnownFileType = sourcecode.c.objc; path = main.m; sourceTree = "<group>"; };
		4E9765911A46017A00F7AF52 /* AppDelegate.h */ = {isa = PBXFileReference; lastKnownFileType = sourcecode.c.h; path = AppDelegate.h; sourceTree = "<group>"; };
		4E9765921A46017A00F7AF52 /* AppDelegate.m */ = {isa = PBXFileReference; lastKnownFileType = sourcecode.c.objc; path = AppDelegate.m; sourceTree = "<group>"; };
		4E9765941A46017A00F7AF52 /* ViewController.h */ = {isa = PBXFileReference; lastKnownFileType = sourcecode.c.h; path = ViewController.h; sourceTree = "<group>"; };
		4E9765951A46017A00F7AF52 /* ViewController.m */ = {isa = PBXFileReference; lastKnownFileType = sourcecode.c.objc; path = ViewController.m; sourceTree = "<group>"; };
		4E9765981A46017A00F7AF52 /* Base */ = {isa = PBXFileReference; lastKnownFileType = file.storyboard; name = Base; path = Base.lproj/Main.storyboard; sourceTree = "<group>"; };
		4E97659A1A46017A00F7AF52 /* Images.xcassets */ = {isa = PBXFileReference; lastKnownFileType = folder.assetcatalog; path = Images.xcassets; sourceTree = "<group>"; };
		4E97659D1A46017A00F7AF52 /* Base */ = {isa = PBXFileReference; lastKnownFileType = file.xib; name = Base; path = Base.lproj/LaunchScreen.xib; sourceTree = "<group>"; };
		4E9765A31A46017A00F7AF52 /* Manash's Pirate GameTests.xctest */ = {isa = PBXFileReference; explicitFileType = wrapper.cfbundle; includeInIndex = 0; path = "Manash's Pirate GameTests.xctest"; sourceTree = BUILT_PRODUCTS_DIR; };
		4E9765A81A46017A00F7AF52 /* Info.plist */ = {isa = PBXFileReference; lastKnownFileType = text.plist.xml; path = Info.plist; sourceTree = "<group>"; };
		4E9765A91A46017A00F7AF52 /* Manash_s_Pirate_GameTests.m */ = {isa = PBXFileReference; lastKnownFileType = sourcecode.c.objc; path = Manash_s_Pirate_GameTests.m; sourceTree = "<group>"; };
		4E9765B41A46234600F7AF52 /* Tile.h */ = {isa = PBXFileReference; fileEncoding = 4; lastKnownFileType = sourcecode.c.h; path = Tile.h; sourceTree = "<group>"; };
		4E9765B51A46234600F7AF52 /* Tile.m */ = {isa = PBXFileReference; fileEncoding = 4; lastKnownFileType = sourcecode.c.objc; path = Tile.m; sourceTree = "<group>"; };
		4E9765B71A46282C00F7AF52 /* Factory.h */ = {isa = PBXFileReference; fileEncoding = 4; lastKnownFileType = sourcecode.c.h; path = Factory.h; sourceTree = "<group>"; };
		4E9765B81A46282C00F7AF52 /* Factory.m */ = {isa = PBXFileReference; fileEncoding = 4; lastKnownFileType = sourcecode.c.objc; path = Factory.m; sourceTree = "<group>"; };
		4E9765BA1A47942100F7AF52 /* Weapon.h */ = {isa = PBXFileReference; fileEncoding = 4; lastKnownFileType = sourcecode.c.h; path = Weapon.h; sourceTree = "<group>"; };
		4E9765BB1A47942100F7AF52 /* Weapon.m */ = {isa = PBXFileReference; fileEncoding = 4; lastKnownFileType = sourcecode.c.objc; path = Weapon.m; sourceTree = "<group>"; };
		4E9765BD1A47943400F7AF52 /* Armor.h */ = {isa = PBXFileReference; fileEncoding = 4; lastKnownFileType = sourcecode.c.h; path = Armor.h; sourceTree = "<group>"; };
		4E9765BE1A47943400F7AF52 /* Armor.m */ = {isa = PBXFileReference; fileEncoding = 4; lastKnownFileType = sourcecode.c.objc; path = Armor.m; sourceTree = "<group>"; };
		4E9765C01A47B0FD00F7AF52 /* Character.h */ = {isa = PBXFileReference; fileEncoding = 4; lastKnownFileType = sourcecode.c.h; path = Character.h; sourceTree = "<group>"; };
		4E9765C11A47B0FD00F7AF52 /* Character.m */ = {isa = PBXFileReference; fileEncoding = 4; lastKnownFileType = sourcecode.c.objc; path = Character.m; sourceTree = "<group>"; };
		4E9765C31A49061300F7AF52 /* Boss.h */ = {isa = PBXFileReference; fileEncoding = 4; lastKnownFileType = sourcecode.c.h; path = Boss.h; sourceTree = "<group>"; };
		4E9765C41A49061300F7AF52 /* Boss.m */ = {isa = PBXFileReference; fileEncoding = 4; lastKnownFileType = sourcecode.c.objc; path = Boss.m; sourceTree = "<group>"; };
/* End PBXFileReference section */

/* Begin PBXFrameworksBuildPhase section */
		4E9765871A46017A00F7AF52 /* Frameworks */ = {
			isa = PBXFrameworksBuildPhase;
			buildActionMask = 2147483647;
			files = (
			);
			runOnlyForDeploymentPostprocessing = 0;
		};
		4E9765A01A46017A00F7AF52 /* Frameworks */ = {
			isa = PBXFrameworksBuildPhase;
			buildActionMask = 2147483647;
			files = (
			);
			runOnlyForDeploymentPostprocessing = 0;
		};
/* End PBXFrameworksBuildPhase section */

/* Begin PBXGroup section */
		4E9765811A46017900F7AF52 = {
			isa = PBXGroup;
			children = (
				4E97658C1A46017A00F7AF52 /* Manash's Pirate Game */,
				4E9765A61A46017A00F7AF52 /* Manash's Pirate GameTests */,
				4E97658B1A46017A00F7AF52 /* Products */,
			);
			sourceTree = "<group>";
		};
		4E97658B1A46017A00F7AF52 /* Products */ = {
			isa = PBXGroup;
			children = (
				4E97658A1A46017A00F7AF52 /* Manash's Pirate Game.app */,
				4E9765A31A46017A00F7AF52 /* Manash's Pirate GameTests.xctest */,
			);
			name = Products;
			sourceTree = "<group>";
		};
		4E97658C1A46017A00F7AF52 /* Manash's Pirate Game */ = {
			isa = PBXGroup;
			children = (
				4E9765B31A46231A00F7AF52 /* Model */,
				4E9765911A46017A00F7AF52 /* AppDelegate.h */,
				4E9765921A46017A00F7AF52 /* AppDelegate.m */,
				4E9765941A46017A00F7AF52 /* ViewController.h */,
				4E9765951A46017A00F7AF52 /* ViewController.m */,
				4E9765971A46017A00F7AF52 /* Main.storyboard */,
				4E97659A1A46017A00F7AF52 /* Images.xcassets */,
				4E97659C1A46017A00F7AF52 /* LaunchScreen.xib */,
				4E97658D1A46017A00F7AF52 /* Supporting Files */,
			);
			path = "Manash's Pirate Game";
			sourceTree = "<group>";
		};
		4E97658D1A46017A00F7AF52 /* Supporting Files */ = {
			isa = PBXGroup;
			children = (
				4E97658E1A46017A00F7AF52 /* Info.plist */,
				4E97658F1A46017A00F7AF52 /* main.m */,
			);
			name = "Supporting Files";
			sourceTree = "<group>";
		};
		4E9765A61A46017A00F7AF52 /* Manash's Pirate GameTests */ = {
			isa = PBXGroup;
			children = (
				4E9765A91A46017A00F7AF52 /* Manash_s_Pirate_GameTests.m */,
				4E9765A71A46017A00F7AF52 /* Supporting Files */,
			);
			path = "Manash's Pirate GameTests";
			sourceTree = "<group>";
		};
		4E9765A71A46017A00F7AF52 /* Supporting Files */ = {
			isa = PBXGroup;
			children = (
				4E9765A81A46017A00F7AF52 /* Info.plist */,
			);
			name = "Supporting Files";
			sourceTree = "<group>";
		};
		4E9765B31A46231A00F7AF52 /* Model */ = {
			isa = PBXGroup;
			children = (
				4E9765B41A46234600F7AF52 /* Tile.h */,
				4E9765B51A46234600F7AF52 /* Tile.m */,
				4E9765B71A46282C00F7AF52 /* Factory.h */,
				4E9765B81A46282C00F7AF52 /* Factory.m */,
				4E9765BA1A47942100F7AF52 /* Weapon.h */,
				4E9765BB1A47942100F7AF52 /* Weapon.m */,
				4E9765BD1A47943400F7AF52 /* Armor.h */,
				4E9765BE1A47943400F7AF52 /* Armor.m */,
				4E9765C01A47B0FD00F7AF52 /* Character.h */,
				4E9765C11A47B0FD00F7AF52 /* Character.m */,
				4E9765C31A49061300F7AF52 /* Boss.h */,
				4E9765C41A49061300F7AF52 /* Boss.m */,
			);
			name = Model;
			sourceTree = "<group>";
		};
/* End PBXGroup section */

/* Begin PBXNativeTarget section */
		4E9765891A46017A00F7AF52 /* Manash's Pirate Game */ = {
			isa = PBXNativeTarget;
			buildConfigurationList = 4E9765AD1A46017A00F7AF52 /* Build configuration list for PBXNativeTarget "Manash's Pirate Game" */;
			buildPhases = (
				4E9765861A46017A00F7AF52 /* Sources */,
				4E9765871A46017A00F7AF52 /* Frameworks */,
				4E9765881A46017A00F7AF52 /* Resources */,
			);
			buildRules = (
			);
			dependencies = (
			);
			name = "Manash's Pirate Game";
			productName = "Manash's Pirate Game";
			productReference = 4E97658A1A46017A00F7AF52 /* Manash's Pirate Game.app */;
			productType = "com.apple.product-type.application";
		};
		4E9765A21A46017A00F7AF52 /* Manash's Pirate GameTests */ = {
			isa = PBXNativeTarget;
			buildConfigurationList = 4E9765B01A46017A00F7AF52 /* Build configuration list for PBXNativeTarget "Manash's Pirate GameTests" */;
			buildPhases = (
				4E97659F1A46017A00F7AF52 /* Sources */,
				4E9765A01A46017A00F7AF52 /* Frameworks */,
				4E9765A11A46017A00F7AF52 /* Resources */,
			);
			buildRules = (
			);
			dependencies = (
				4E9765A51A46017A00F7AF52 /* PBXTargetDependency */,
			);
			name = "Manash's Pirate GameTests";
			productName = "Manash's Pirate GameTests";
			productReference = 4E9765A31A46017A00F7AF52 /* Manash's Pirate GameTests.xctest */;
			productType = "com.apple.product-type.bundle.unit-test";
		};
/* End PBXNativeTarget section */

/* Begin PBXProject section */
		4E9765821A46017900F7AF52 /* Project object */ = {
			isa = PBXProject;
			attributes = {
				LastUpgradeCheck = 0610;
				ORGANIZATIONNAME = "Manash Taunk";
				TargetAttributes = {
					4E9765891A46017A00F7AF52 = {
						CreatedOnToolsVersion = 6.1.1;
					};
					4E9765A21A46017A00F7AF52 = {
						CreatedOnToolsVersion = 6.1.1;
						TestTargetID = 4E9765891A46017A00F7AF52;
					};
				};
			};
			buildConfigurationList = 4E9765851A46017900F7AF52 /* Build configuration list for PBXProject "Manash's Pirate Game" */;
			compatibilityVersion = "Xcode 3.2";
			developmentRegion = English;
			hasScannedForEncodings = 0;
			knownRegions = (
				en,
				Base,
			);
			mainGroup = 4E9765811A46017900F7AF52;
			productRefGroup = 4E97658B1A46017A00F7AF52 /* Products */;
			projectDirPath = "";
			projectRoot = "";
			targets = (
				4E9765891A46017A00F7AF52 /* Manash's Pirate Game */,
				4E9765A21A46017A00F7AF52 /* Manash's Pirate GameTests */,
			);
		};
/* End PBXProject section */

/* Begin PBXResourcesBuildPhase section */
		4E9765881A46017A00F7AF52 /* Resources */ = {
			isa = PBXResourcesBuildPhase;
			buildActionMask = 2147483647;
			files = (
				4E9765991A46017A00F7AF52 /* Main.storyboard in Resources */,
				4E97659E1A46017A00F7AF52 /* LaunchScreen.xib in Resources */,
				4E97659B1A46017A00F7AF52 /* Images.xcassets in Resources */,
			);
			runOnlyForDeploymentPostprocessing = 0;
		};
		4E9765A11A46017A00F7AF52 /* Resources */ = {
			isa = PBXResourcesBuildPhase;
			buildActionMask = 2147483647;
			files = (
			);
			runOnlyForDeploymentPostprocessing = 0;
		};
/* End PBXResourcesBuildPhase section */

/* Begin PBXSourcesBuildPhase section */
		4E9765861A46017A00F7AF52 /* Sources */ = {
			isa = PBXSourcesBuildPhase;
			buildActionMask = 2147483647;
			files = (
				4E9765BF1A47943400F7AF52 /* Armor.m in Sources */,
				4E9765B91A46282C00F7AF52 /* Factory.m in Sources */,
				4E9765961A46017A00F7AF52 /* ViewController.m in Sources */,
				4E9765C21A47B0FD00F7AF52 /* Character.m in Sources */,
				4E9765931A46017A00F7AF52 /* AppDelegate.m in Sources */,
				4E9765BC1A47942100F7AF52 /* Weapon.m in Sources */,
				4E9765C51A49061300F7AF52 /* Boss.m in Sources */,
				4E9765901A46017A00F7AF52 /* main.m in Sources */,
				4E9765B61A46234600F7AF52 /* Tile.m in Sources */,
			);
			runOnlyForDeploymentPostprocessing = 0;
		};
		4E97659F1A46017A00F7AF52 /* Sources */ = {
			isa = PBXSourcesBuildPhase;
			buildActionMask = 2147483647;
			files = (
				4E9765AA1A46017A00F7AF52 /* Manash_s_Pirate_GameTests.m in Sources */,
			);
			runOnlyForDeploymentPostprocessing = 0;
		};
/* End PBXSourcesBuildPhase section */

/* Begin PBXTargetDependency section */
		4E9765A51A46017A00F7AF52 /* PBXTargetDependency */ = {
			isa = PBXTargetDependency;
			target = 4E9765891A46017A00F7AF52 /* Manash's Pirate Game */;
			targetProxy = 4E9765A41A46017A00F7AF52 /* PBXContainerItemProxy */;
		};
/* End PBXTargetDependency section */

/* Begin PBXVariantGroup section */
		4E9765971A46017A00F7AF52 /* Main.storyboard */ = {
			isa = PBXVariantGroup;
			children = (
				4E9765981A46017A00F7AF52 /* Base */,
			);
			name = Main.storyboard;
			sourceTree = "<group>";
		};
		4E97659C1A46017A00F7AF52 /* LaunchScreen.xib */ = {
			isa = PBXVariantGroup;
			children = (
				4E97659D1A46017A00F7AF52 /* Base */,
			);
			name = LaunchScreen.xib;
			sourceTree = "<group>";
		};
/* End PBXVariantGroup section */

/* Begin XCBuildConfiguration section */
		4E9765AB1A46017A00F7AF52 /* Debug */ = {
			isa = XCBuildConfiguration;
			buildSettings = {
				ALWAYS_SEARCH_USER_PATHS = NO;
				CLANG_CXX_LANGUAGE_STANDARD = "gnu++0x";
				CLANG_CXX_LIBRARY = "libc++";
				CLANG_ENABLE_MODULES = YES;
				CLANG_ENABLE_OBJC_ARC = YES;
				CLANG_WARN_BOOL_CONVERSION = YES;
				CLANG_WARN_CONSTANT_CONVERSION = YES;
				CLANG_WARN_DIRECT_OBJC_ISA_USAGE = YES_ERROR;
				CLANG_WARN_EMPTY_BODY = YES;
				CLANG_WARN_ENUM_CONVERSION = YES;
				CLANG_WARN_INT_CONVERSION = YES;
				CLANG_WARN_OBJC_ROOT_CLASS = YES_ERROR;
				CLANG_WARN_UNREACHABLE_CODE = YES;
				CLANG_WARN__DUPLICATE_METHOD_MATCH = YES;
				"CODE_SIGN_IDENTITY[sdk=iphoneos*]" = "iPhone Developer";
				COPY_PHASE_STRIP = NO;
				ENABLE_STRICT_OBJC_MSGSEND = YES;
				GCC_C_LANGUAGE_STANDARD = gnu99;
				GCC_DYNAMIC_NO_PIC = NO;
				GCC_OPTIMIZATION_LEVEL = 0;
				GCC_PREPROCESSOR_DEFINITIONS = (
					"DEBUG=1",
					"$(inherited)",
				);
				GCC_SYMBOLS_PRIVATE_EXTERN = NO;
				GCC_WARN_64_TO_32_BIT_CONVERSION = YES;
				GCC_WARN_ABOUT_RETURN_TYPE = YES_ERROR;
				GCC_WARN_UNDECLARED_SELECTOR = YES;
				GCC_WARN_UNINITIALIZED_AUTOS = YES_AGGRESSIVE;
				GCC_WARN_UNUSED_FUNCTION = YES;
				GCC_WARN_UNUSED_VARIABLE = YES;
				IPHONEOS_DEPLOYMENT_TARGET = 8.1;
				MTL_ENABLE_DEBUG_INFO = YES;
				ONLY_ACTIVE_ARCH = YES;
				SDKROOT = iphoneos;
			};
			name = Debug;
		};
		4E9765AC1A46017A00F7AF52 /* Release */ = {
			isa = XCBuildConfiguration;
			buildSettings = {
				ALWAYS_SEARCH_USER_PATHS = NO;
				CLANG_CXX_LANGUAGE_STANDARD = "gnu++0x";
				CLANG_CXX_LIBRARY = "libc++";
				CLANG_ENABLE_MODULES = YES;
				CLANG_ENABLE_OBJC_ARC = YES;
				CLANG_WARN_BOOL_CONVERSION = YES;
				CLANG_WARN_CONSTANT_CONVERSION = YES;
				CLANG_WARN_DIRECT_OBJC_ISA_USAGE = YES_ERROR;
				CLANG_WARN_EMPTY_BODY = YES;
				CLANG_WARN_ENUM_CONVERSION = YES;
				CLANG_WARN_INT_CONVERSION = YES;
				CLANG_WARN_OBJC_ROOT_CLASS = YES_ERROR;
				CLANG_WARN_UNREACHABLE_CODE = YES;
				CLANG_WARN__DUPLICATE_METHOD_MATCH = YES;
				"CODE_SIGN_IDENTITY[sdk=iphoneos*]" = "iPhone Developer";
				COPY_PHASE_STRIP = YES;
				ENABLE_NS_ASSERTIONS = NO;
				ENABLE_STRICT_OBJC_MSGSEND = YES;
				GCC_C_LANGUAGE_STANDARD = gnu99;
				GCC_WARN_64_TO_32_BIT_CONVERSION = YES;
				GCC_WARN_ABOUT_RETURN_TYPE = YES_ERROR;
				GCC_WARN_UNDECLARED_SELECTOR = YES;
				GCC_WARN_UNINITIALIZED_AUTOS = YES_AGGRESSIVE;
				GCC_WARN_UNUSED_FUNCTION = YES;
				GCC_WARN_UNUSED_VARIABLE = YES;
				IPHONEOS_DEPLOYMENT_TARGET = 8.1;
				MTL_ENABLE_DEBUG_INFO = NO;
				SDKROOT = iphoneos;
				VALIDATE_PRODUCT = YES;
			};
			name = Release;
		};
		4E9765AE1A46017A00F7AF52 /* Debug */ = {
			isa = XCBuildConfiguration;
			buildSettings = {
				ASSETCATALOG_COMPILER_APPICON_NAME = AppIcon;
				INFOPLIST_FILE = "Manash's Pirate Game/Info.plist";
				IPHONEOS_DEPLOYMENT_TARGET = 8.1;
				LD_RUNPATH_SEARCH_PATHS = "$(inherited) @executable_path/Frameworks";
				PRODUCT_NAME = "$(TARGET_NAME)";
			};
			name = Debug;
		};
		4E9765AF1A46017A00F7AF52 /* Release */ = {
			isa = XCBuildConfiguration;
			buildSettings = {
				ASSETCATALOG_COMPILER_APPICON_NAME = AppIcon;
				INFOPLIST_FILE = "Manash's Pirate Game/Info.plist";
				IPHONEOS_DEPLOYMENT_TARGET = 8.1;
				LD_RUNPATH_SEARCH_PATHS = "$(inherited) @executable_path/Frameworks";
				PRODUCT_NAME = "$(TARGET_NAME)";
			};
			name = Release;
		};
		4E9765B11A46017A00F7AF52 /* Debug */ = {
			isa = XCBuildConfiguration;
			buildSettings = {
				BUNDLE_LOADER = "$(TEST_HOST)";
				FRAMEWORK_SEARCH_PATHS = (
					"$(SDKROOT)/Developer/Library/Frameworks",
					"$(inherited)",
				);
				GCC_PREPROCESSOR_DEFINITIONS = (
					"DEBUG=1",
					"$(inherited)",
				);
				INFOPLIST_FILE = "Manash's Pirate GameTests/Info.plist";
				LD_RUNPATH_SEARCH_PATHS = "$(inherited) @executable_path/Frameworks @loader_path/Frameworks";
				PRODUCT_NAME = "$(TARGET_NAME)";
				TEST_HOST = "$(BUILT_PRODUCTS_DIR)/Manash's Pirate Game.app/Manash's Pirate Game";
			};
			name = Debug;
		};
		4E9765B21A46017A00F7AF52 /* Release */ = {
			isa = XCBuildConfiguration;
			buildSettings = {
				BUNDLE_LOADER = "$(TEST_HOST)";
				FRAMEWORK_SEARCH_PATHS = (
					"$(SDKROOT)/Developer/Library/Frameworks",
					"$(inherited)",
				);
				INFOPLIST_FILE = "Manash's Pirate GameTests/Info.plist";
				LD_RUNPATH_SEARCH_PATHS = "$(inherited) @executable_path/Frameworks @loader_path/Frameworks";
				PRODUCT_NAME = "$(TARGET_NAME)";
				TEST_HOST = "$(BUILT_PRODUCTS_DIR)/Manash's Pirate Game.app/Manash's Pirate Game";
			};
			name = Release;
		};
/* End XCBuildConfiguration section */

/* Begin XCConfigurationList section */
		4E9765851A46017900F7AF52 /* Build configuration list for PBXProject "Manash's Pirate Game" */ = {
			isa = XCConfigurationList;
			buildConfigurations = (
				4E9765AB1A46017A00F7AF52 /* Debug */,
				4E9765AC1A46017A00F7AF52 /* Release */,
			);
			defaultConfigurationIsVisible = 0;
			defaultConfigurationName = Release;
		};
		4E9765AD1A46017A00F7AF52 /* Build configuration list for PBXNativeTarget "Manash's Pirate Game" */ = {
			isa = XCConfigurationList;
			buildConfigurations = (
				4E9765AE1A46017A00F7AF52 /* Debug */,
				4E9765AF1A46017A00F7AF52 /* Release */,
			);
			defaultConfigurationIsVisible = 0;
			defaultConfigurationName = Release;
		};
		4E9765B01A46017A00F7AF52 /* Build configuration list for PBXNativeTarget "Manash's Pirate GameTests" */ = {
			isa = XCConfigurationList;
			buildConfigurations = (
				4E9765B11A46017A00F7AF52 /* Debug */,
				4E9765B21A46017A00F7AF52 /* Release */,
			);
			defaultConfigurationIsVisible = 0;
			defaultConfigurationName = Release;
		};
/* End XCConfigurationList section */
	};
	rootObject = 4E9765821A46017900F7AF52 /* Project object */;
}
